
Microsoft Visual Studio Solution File, Format Version 12.00
# Visual Studio Version 17
VisualStudioVersion = 17.4.33213.308
MinimumVisualStudioVersion = 10.0.40219.1
Project("{9A19103F-16F7-4668-BE54-9A1E7A4F7556}") = "aspnet_core_unit_1", "aspnet_core_unit_1\aspnet_core_unit_1.csproj", "{BBC87E10-1326-4579-9DD8-9B1DF929E252}"
EndProject
Project("{FAE04EC0-301F-11D3-BF4B-00C04F79EFBC}") = "aspnet_core_unit_1.Tests", "aspnet_core_unit_1.Tests\aspnet_core_unit_1.Tests.csproj", "{2F2DAB32-FEDD-4B74-B56A-6C992BA89EDA}"
EndProject
Global
	GlobalSection(SolutionConfigurationPlatforms) = preSolution
		Debug|Any CPU = Debug|Any CPU
		Release|Any CPU = Release|Any CPU
	EndGlobalSection
	GlobalSection(ProjectConfigurationPlatforms) = postSolution
		{BBC87E10-1326-4579-9DD8-9B1DF929E252}.Debug|Any CPU.ActiveCfg = Debug|Any CPU
		{BBC87E10-1326-4579-9DD8-9B1DF929E252}.Debug|Any CPU.Build.0 = Debug|Any CPU
		{BBC87E10-1326-4579-9DD8-9B1DF929E252}.Release|Any CPU.ActiveCfg = Release|Any CPU
		{BBC87E10-1326-4579-9DD8-9B1DF929E252}.Release|Any CPU.Build.0 = Release|Any CPU
		{2F2DAB32-FEDD-4B74-B56A-6C992BA89EDA}.Debug|Any CPU.ActiveCfg = Debug|Any CPU
		{2F2DAB32-FEDD-4B74-B56A-6C992BA89EDA}.Debug|Any CPU.Build.0 = Debug|Any CPU
		{2F2DAB32-FEDD-4B74-B56A-6C992BA89EDA}.Release|Any CPU.ActiveCfg = Release|Any CPU
		{2F2DAB32-FEDD-4B74-B56A-6C992BA89EDA}.Release|Any CPU.Build.0 = Release|Any CPU
	EndGlobalSection
	GlobalSection(SolutionProperties) = preSolution
		HideSolutionNode = FALSE
	EndGlobalSection
	GlobalSection(ExtensibilityGlobals) = postSolution
		SolutionGuid = {FAD1A620-5F1B-4EAA-87A6-1BA140C755C7}
	EndGlobalSection
EndGlobal
